// !$*UTF8*$!
{
	archiveVersion = 1;
	classes = {
	};
	objectVersion = 50;
	objects = {

/* Begin PBXBuildFile section */
		24753A00DF96199D22C191AF /* libPods-getLocation.a in Frameworks */ = {isa = PBXBuildFile; fileRef = A8F7625438F342045B18917E /* libPods-getLocation.a */; };
		647905F921B257D8003EF1BD /* AppDelegate.swift in Sources */ = {isa = PBXBuildFile; fileRef = 647905F821B257D8003EF1BD /* AppDelegate.swift */; };
		647905FB21B257D8003EF1BD /* ViewController.swift in Sources */ = {isa = PBXBuildFile; fileRef = 647905FA21B257D8003EF1BD /* ViewController.swift */; };
		647905FE21B257D8003EF1BD /* Main.storyboard in Resources */ = {isa = PBXBuildFile; fileRef = 647905FC21B257D8003EF1BD /* Main.storyboard */; };
		6479060021B257D9003EF1BD /* Assets.xcassets in Resources */ = {isa = PBXBuildFile; fileRef = 647905FF21B257D9003EF1BD /* Assets.xcassets */; };
		6479060321B257D9003EF1BD /* LaunchScreen.storyboard in Resources */ = {isa = PBXBuildFile; fileRef = 6479060121B257D9003EF1BD /* LaunchScreen.storyboard */; };
		6479060E21B257D9003EF1BD /* getLocationTests.swift in Sources */ = {isa = PBXBuildFile; fileRef = 6479060D21B257D9003EF1BD /* getLocationTests.swift */; };
		6479061921B257D9003EF1BD /* getLocationUITests.swift in Sources */ = {isa = PBXBuildFile; fileRef = 6479061821B257D9003EF1BD /* getLocationUITests.swift */; };
/* End PBXBuildFile section */

/* Begin PBXContainerItemProxy section */
		6479060A21B257D9003EF1BD /* PBXContainerItemProxy */ = {
			isa = PBXContainerItemProxy;
			containerPortal = 647905ED21B257D7003EF1BD /* Project object */;
			proxyType = 1;
			remoteGlobalIDString = 647905F421B257D7003EF1BD;
			remoteInfo = getLocation;
		};
		6479061521B257D9003EF1BD /* PBXContainerItemProxy */ = {
			isa = PBXContainerItemProxy;
			containerPortal = 647905ED21B257D7003EF1BD /* Project object */;
			proxyType = 1;
			remoteGlobalIDString = 647905F421B257D7003EF1BD;
			remoteInfo = getLocation;
		};
/* End PBXContainerItemProxy section */

/* Begin PBXFileReference section */
		1437D71035FB671304F05B25 /* Pods-getLocation.release.xcconfig */ = {isa = PBXFileReference; includeInIndex = 1; lastKnownFileType = text.xcconfig; name = "Pods-getLocation.release.xcconfig"; path = "Pods/Target Support Files/Pods-getLocation/Pods-getLocation.release.xcconfig"; sourceTree = "<group>"; };
		647905F521B257D8003EF1BD /* getLocation.app */ = {isa = PBXFileReference; explicitFileType = wrapper.application; includeInIndex = 0; path = getLocation.app; sourceTree = BUILT_PRODUCTS_DIR; };
		647905F821B257D8003EF1BD /* AppDelegate.swift */ = {isa = PBXFileReference; lastKnownFileType = sourcecode.swift; path = AppDelegate.swift; sourceTree = "<group>"; };
		647905FA21B257D8003EF1BD /* ViewController.swift */ = {isa = PBXFileReference; lastKnownFileType = sourcecode.swift; path = ViewController.swift; sourceTree = "<group>"; };
		647905FD21B257D8003EF1BD /* Base */ = {isa = PBXFileReference; lastKnownFileType = file.storyboard; name = Base; path = Base.lproj/Main.storyboard; sourceTree = "<group>"; };
		647905FF21B257D9003EF1BD /* Assets.xcassets */ = {isa = PBXFileReference; lastKnownFileType = folder.assetcatalog; path = Assets.xcassets; sourceTree = "<group>"; };
		6479060221B257D9003EF1BD /* Base */ = {isa = PBXFileReference; lastKnownFileType = file.storyboard; name = Base; path = Base.lproj/LaunchScreen.storyboard; sourceTree = "<group>"; };
		6479060421B257D9003EF1BD /* Info.plist */ = {isa = PBXFileReference; lastKnownFileType = text.plist.xml; path = Info.plist; sourceTree = "<group>"; };
		6479060921B257D9003EF1BD /* getLocationTests.xctest */ = {isa = PBXFileReference; explicitFileType = wrapper.cfbundle; includeInIndex = 0; path = getLocationTests.xctest; sourceTree = BUILT_PRODUCTS_DIR; };
		6479060D21B257D9003EF1BD /* getLocationTests.swift */ = {isa = PBXFileReference; lastKnownFileType = sourcecode.swift; path = getLocationTests.swift; sourceTree = "<group>"; };
		6479060F21B257D9003EF1BD /* Info.plist */ = {isa = PBXFileReference; lastKnownFileType = text.plist.xml; path = Info.plist; sourceTree = "<group>"; };
		6479061421B257D9003EF1BD /* getLocationUITests.xctest */ = {isa = PBXFileReference; explicitFileType = wrapper.cfbundle; includeInIndex = 0; path = getLocationUITests.xctest; sourceTree = BUILT_PRODUCTS_DIR; };
		6479061821B257D9003EF1BD /* getLocationUITests.swift */ = {isa = PBXFileReference; lastKnownFileType = sourcecode.swift; path = getLocationUITests.swift; sourceTree = "<group>"; };
		6479061A21B257D9003EF1BD /* Info.plist */ = {isa = PBXFileReference; lastKnownFileType = text.plist.xml; path = Info.plist; sourceTree = "<group>"; };
		A8F7625438F342045B18917E /* libPods-getLocation.a */ = {isa = PBXFileReference; explicitFileType = archive.ar; includeInIndex = 0; path = "libPods-getLocation.a"; sourceTree = BUILT_PRODUCTS_DIR; };
		D5AFD1D7FC4DBA6F3FA9AA3A /* Pods-getLocation.debug.xcconfig */ = {isa = PBXFileReference; includeInIndex = 1; lastKnownFileType = text.xcconfig; name = "Pods-getLocation.debug.xcconfig"; path = "Pods/Target Support Files/Pods-getLocation/Pods-getLocation.debug.xcconfig"; sourceTree = "<group>"; };
/* End PBXFileReference section */

/* Begin PBXFrameworksBuildPhase section */
		647905F221B257D7003EF1BD /* Frameworks */ = {
			isa = PBXFrameworksBuildPhase;
			buildActionMask = 2147483647;
			files = (
				24753A00DF96199D22C191AF /* libPods-getLocation.a in Frameworks */,
			);
			runOnlyForDeploymentPostprocessing = 0;
		};
		6479060621B257D9003EF1BD /* Frameworks */ = {
			isa = PBXFrameworksBuildPhase;
			buildActionMask = 2147483647;
			files = (
			);
			runOnlyForDeploymentPostprocessing = 0;
		};
		6479061121B257D9003EF1BD /* Frameworks */ = {
			isa = PBXFrameworksBuildPhase;
			buildActionMask = 2147483647;
			files = (
			);
			runOnlyForDeploymentPostprocessing = 0;
		};
/* End PBXFrameworksBuildPhase section */

/* Begin PBXGroup section */
		08391700490D06FC0A0F13BB /* Frameworks */ = {
			isa = PBXGroup;
			children = (
				A8F7625438F342045B18917E /* libPods-getLocation.a */,
			);
			name = Frameworks;
			sourceTree = "<group>";
		};
		4FE0293674B533CFF452849F /* Pods */ = {
			isa = PBXGroup;
			children = (
				D5AFD1D7FC4DBA6F3FA9AA3A /* Pods-getLocation.debug.xcconfig */,
				1437D71035FB671304F05B25 /* Pods-getLocation.release.xcconfig */,
			);
			name = Pods;
			sourceTree = "<group>";
		};
		647905EC21B257D7003EF1BD = {
			isa = PBXGroup;
			children = (
				647905F721B257D8003EF1BD /* getLocation */,
				6479060C21B257D9003EF1BD /* getLocationTests */,
				6479061721B257D9003EF1BD /* getLocationUITests */,
				647905F621B257D8003EF1BD /* Products */,
				4FE0293674B533CFF452849F /* Pods */,
				08391700490D06FC0A0F13BB /* Frameworks */,
			);
			sourceTree = "<group>";
		};
		647905F621B257D8003EF1BD /* Products */ = {
			isa = PBXGroup;
			children = (
				647905F521B257D8003EF1BD /* getLocation.app */,
				6479060921B257D9003EF1BD /* getLocationTests.xctest */,
				6479061421B257D9003EF1BD /* getLocationUITests.xctest */,
			);
			name = Products;
			sourceTree = "<group>";
		};
		647905F721B257D8003EF1BD /* getLocation */ = {
			isa = PBXGroup;
			children = (
				647905F821B257D8003EF1BD /* AppDelegate.swift */,
				647905FA21B257D8003EF1BD /* ViewController.swift */,
				647905FC21B257D8003EF1BD /* Main.storyboard */,
				647905FF21B257D9003EF1BD /* Assets.xcassets */,
				6479060121B257D9003EF1BD /* LaunchScreen.storyboard */,
				6479060421B257D9003EF1BD /* Info.plist */,
			);
			path = getLocation;
			sourceTree = "<group>";
		};
		6479060C21B257D9003EF1BD /* getLocationTests */ = {
			isa = PBXGroup;
			children = (
				6479060D21B257D9003EF1BD /* getLocationTests.swift */,
				6479060F21B257D9003EF1BD /* Info.plist */,
			);
			path = getLocationTests;
			sourceTree = "<group>";
		};
		6479061721B257D9003EF1BD /* getLocationUITests */ = {
			isa = PBXGroup;
			children = (
				6479061821B257D9003EF1BD /* getLocationUITests.swift */,
				6479061A21B257D9003EF1BD /* Info.plist */,
			);
			path = getLocationUITests;
			sourceTree = "<group>";
		};
/* End PBXGroup section */

/* Begin PBXNativeTarget section */
		647905F421B257D7003EF1BD /* getLocation */ = {
			isa = PBXNativeTarget;
			buildConfigurationList = 6479061D21B257D9003EF1BD /* Build configuration list for PBXNativeTarget "getLocation" */;
			buildPhases = (
				E68F397FCD2A2F5EB10DDCDC /* [CP] Check Pods Manifest.lock */,
				647905F121B257D7003EF1BD /* Sources */,
				647905F221B257D7003EF1BD /* Frameworks */,
				647905F321B257D7003EF1BD /* Resources */,
				3B9D057A9DAC64E41D1592EF /* [CP] Copy Pods Resources */,
			);
			buildRules = (
			);
			dependencies = (
			);
			name = getLocation;
			productName = getLocation;
			productReference = 647905F521B257D8003EF1BD /* getLocation.app */;
			productType = "com.apple.product-type.application";
		};
		6479060821B257D9003EF1BD /* getLocationTests */ = {
			isa = PBXNativeTarget;
			buildConfigurationList = 6479062021B257D9003EF1BD /* Build configuration list for PBXNativeTarget "getLocationTests" */;
			buildPhases = (
				6479060521B257D9003EF1BD /* Sources */,
				6479060621B257D9003EF1BD /* Frameworks */,
				6479060721B257D9003EF1BD /* Resources */,
			);
			buildRules = (
			);
			dependencies = (
				6479060B21B257D9003EF1BD /* PBXTargetDependency */,
			);
			name = getLocationTests;
			productName = getLocationTests;
			productReference = 6479060921B257D9003EF1BD /* getLocationTests.xctest */;
			productType = "com.apple.product-type.bundle.unit-test";
		};
		6479061321B257D9003EF1BD /* getLocationUITests */ = {
			isa = PBXNativeTarget;
			buildConfigurationList = 6479062321B257D9003EF1BD /* Build configuration list for PBXNativeTarget "getLocationUITests" */;
			buildPhases = (
				6479061021B257D9003EF1BD /* Sources */,
				6479061121B257D9003EF1BD /* Frameworks */,
				6479061221B257D9003EF1BD /* Resources */,
			);
			buildRules = (
			);
			dependencies = (
				6479061621B257D9003EF1BD /* PBXTargetDependency */,
			);
			name = getLocationUITests;
			productName = getLocationUITests;
			productReference = 6479061421B257D9003EF1BD /* getLocationUITests.xctest */;
			productType = "com.apple.product-type.bundle.ui-testing";
		};
/* End PBXNativeTarget section */

/* Begin PBXProject section */
		647905ED21B257D7003EF1BD /* Project object */ = {
			isa = PBXProject;
			attributes = {
				LastSwiftUpdateCheck = 1010;
				LastUpgradeCheck = 1010;
				ORGANIZATIONNAME = "Sung Jun Hong";
				TargetAttributes = {
					647905F421B257D7003EF1BD = {
						CreatedOnToolsVersion = 10.1;
					};
					6479060821B257D9003EF1BD = {
						CreatedOnToolsVersion = 10.1;
						TestTargetID = 647905F421B257D7003EF1BD;
					};
					6479061321B257D9003EF1BD = {
						CreatedOnToolsVersion = 10.1;
						TestTargetID = 647905F421B257D7003EF1BD;
					};
				};
			};
			buildConfigurationList = 647905F021B257D7003EF1BD /* Build configuration list for PBXProject "getLocation" */;
			compatibilityVersion = "Xcode 9.3";
			developmentRegion = en;
			hasScannedForEncodings = 0;
			knownRegions = (
				en,
				Base,
			);
			mainGroup = 647905EC21B257D7003EF1BD;
			productRefGroup = 647905F621B257D8003EF1BD /* Products */;
			projectDirPath = "";
			projectRoot = "";
			targets = (
				647905F421B257D7003EF1BD /* getLocation */,
				6479060821B257D9003EF1BD /* getLocationTests */,
				6479061321B257D9003EF1BD /* getLocationUITests */,
			);
		};
/* End PBXProject section */

/* Begin PBXResourcesBuildPhase section */
		647905F321B257D7003EF1BD /* Resources */ = {
			isa = PBXResourcesBuildPhase;
			buildActionMask = 2147483647;
			files = (
				6479060321B257D9003EF1BD /* LaunchScreen.storyboard in Resources */,
				6479060021B257D9003EF1BD /* Assets.xcassets in Resources */,
				647905FE21B257D8003EF1BD /* Main.storyboard in Resources */,
			);
			runOnlyForDeploymentPostprocessing = 0;
		};
		6479060721B257D9003EF1BD /* Resources */ = {
			isa = PBXResourcesBuildPhase;
			buildActionMask = 2147483647;
			files = (
			);
			runOnlyForDeploymentPostprocessing = 0;
		};
		6479061221B257D9003EF1BD /* Resources */ = {
			isa = PBXResourcesBuildPhase;
			buildActionMask = 2147483647;
			files = (
			);
			runOnlyForDeploymentPostprocessing = 0;
		};
/* End PBXResourcesBuildPhase section */

/* Begin PBXShellScriptBuildPhase section */
		3B9D057A9DAC64E41D1592EF /* [CP] Copy Pods Resources */ = {
			isa = PBXShellScriptBuildPhase;
			buildActionMask = 2147483647;
			files = (
			);
			inputFileListPaths = (
			);
			inputPaths = (
				"${SRCROOT}/Pods/Target Support Files/Pods-getLocation/Pods-getLocation-resources.sh",
				"${PODS_ROOT}/GoogleMaps/Maps/Frameworks/GoogleMaps.framework/Resources/GoogleMaps.bundle",
				"${PODS_ROOT}/GooglePlaces/Frameworks/GooglePlaces.framework/Resources/GooglePlaces.bundle",
			);
			name = "[CP] Copy Pods Resources";
			outputFileListPaths = (
			);
			outputPaths = (
				"${TARGET_BUILD_DIR}/${UNLOCALIZED_RESOURCES_FOLDER_PATH}/GoogleMaps.bundle",
				"${TARGET_BUILD_DIR}/${UNLOCALIZED_RESOURCES_FOLDER_PATH}/GooglePlaces.bundle",
			);
			runOnlyForDeploymentPostprocessing = 0;
			shellPath = /bin/sh;
			shellScript = "\"${SRCROOT}/Pods/Target Support Files/Pods-getLocation/Pods-getLocation-resources.sh\"\n";
			showEnvVarsInLog = 0;
		};
		E68F397FCD2A2F5EB10DDCDC /* [CP] Check Pods Manifest.lock */ = {
			isa = PBXShellScriptBuildPhase;
			buildActionMask = 2147483647;
			files = (
			);
			inputFileListPaths = (
			);
			inputPaths = (
				"${PODS_PODFILE_DIR_PATH}/Podfile.lock",
				"${PODS_ROOT}/Manifest.lock",
			);
			name = "[CP] Check Pods Manifest.lock";
			outputFileListPaths = (
			);
			outputPaths = (
				"$(DERIVED_FILE_DIR)/Pods-getLocation-checkManifestLockResult.txt",
			);
			runOnlyForDeploymentPostprocessing = 0;
			shellPath = /bin/sh;
			shellScript = "diff \"${PODS_PODFILE_DIR_PATH}/Podfile.lock\" \"${PODS_ROOT}/Manifest.lock\" > /dev/null\nif [ $? != 0 ] ; then\n    # print error to STDERR\n    echo \"error: The sandbox is not in sync with the Podfile.lock. Run 'pod install' or update your CocoaPods installation.\" >&2\n    exit 1\nfi\n# This output is used by Xcode 'outputs' to avoid re-running this script phase.\necho \"SUCCESS\" > \"${SCRIPT_OUTPUT_FILE_0}\"\n";
			showEnvVarsInLog = 0;
		};
/* End PBXShellScriptBuildPhase section */

/* Begin PBXSourcesBuildPhase section */
		647905F121B257D7003EF1BD /* Sources */ = {
			isa = PBXSourcesBuildPhase;
			buildActionMask = 2147483647;
			files = (
				647905FB21B257D8003EF1BD /* ViewController.swift in Sources */,
				647905F921B257D8003EF1BD /* AppDelegate.swift in Sources */,
			);
			runOnlyForDeploymentPostprocessing = 0;
		};
		6479060521B257D9003EF1BD /* Sources */ = {
			isa = PBXSourcesBuildPhase;
			buildActionMask = 2147483647;
			files = (
				6479060E21B257D9003EF1BD /* getLocationTests.swift in Sources */,
			);
			runOnlyForDeploymentPostprocessing = 0;
		};
		6479061021B257D9003EF1BD /* Sources */ = {
			isa = PBXSourcesBuildPhase;
			buildActionMask = 2147483647;
			files = (
				6479061921B257D9003EF1BD /* getLocationUITests.swift in Sources */,
			);
			runOnlyForDeploymentPostprocessing = 0;
		};
/* End PBXSourcesBuildPhase section */

/* Begin PBXTargetDependency section */
		6479060B21B257D9003EF1BD /* PBXTargetDependency */ = {
			isa = PBXTargetDependency;
			target = 647905F421B257D7003EF1BD /* getLocation */;
			targetProxy = 6479060A21B257D9003EF1BD /* PBXContainerItemProxy */;
		};
		6479061621B257D9003EF1BD /* PBXTargetDependency */ = {
			isa = PBXTargetDependency;
			target = 647905F421B257D7003EF1BD /* getLocation */;
			targetProxy = 6479061521B257D9003EF1BD /* PBXContainerItemProxy */;
		};
/* End PBXTargetDependency section */

/* Begin PBXVariantGroup section */
		647905FC21B257D8003EF1BD /* Main.storyboard */ = {
			isa = PBXVariantGroup;
			children = (
				647905FD21B257D8003EF1BD /* Base */,
			);
			name = Main.storyboard;
			sourceTree = "<group>";
		};
		6479060121B257D9003EF1BD /* LaunchScreen.storyboard */ = {
			isa = PBXVariantGroup;
			children = (
				6479060221B257D9003EF1BD /* Base */,
			);
			name = LaunchScreen.storyboard;
			sourceTree = "<group>";
		};
/* End PBXVariantGroup section */

/* Begin XCBuildConfiguration section */
		6479061B21B257D9003EF1BD /* Debug */ = {
			isa = XCBuildConfiguration;
			buildSettings = {
				ALWAYS_SEARCH_USER_PATHS = NO;
				CLANG_ANALYZER_NONNULL = YES;
				CLANG_ANALYZER_NUMBER_OBJECT_CONVERSION = YES_AGGRESSIVE;
				CLANG_CXX_LANGUAGE_STANDARD = "gnu++14";
				CLANG_CXX_LIBRARY = "libc++";
				CLANG_ENABLE_MODULES = YES;
				CLANG_ENABLE_OBJC_ARC = YES;
				CLANG_ENABLE_OBJC_WEAK = YES;
				CLANG_WARN_BLOCK_CAPTURE_AUTORELEASING = YES;
				CLANG_WARN_BOOL_CONVERSION = YES;
				CLANG_WARN_COMMA = YES;
				CLANG_WARN_CONSTANT_CONVERSION = YES;
				CLANG_WARN_DEPRECATED_OBJC_IMPLEMENTATIONS = YES;
				CLANG_WARN_DIRECT_OBJC_ISA_USAGE = YES_ERROR;
				CLANG_WARN_DOCUMENTATION_COMMENTS = YES;
				CLANG_WARN_EMPTY_BODY = YES;
				CLANG_WARN_ENUM_CONVERSION = YES;
				CLANG_WARN_INFINITE_RECURSION = YES;
				CLANG_WARN_INT_CONVERSION = YES;
				CLANG_WARN_NON_LITERAL_NULL_CONVERSION = YES;
				CLANG_WARN_OBJC_IMPLICIT_RETAIN_SELF = YES;
				CLANG_WARN_OBJC_LITERAL_CONVERSION = YES;
				CLANG_WARN_OBJC_ROOT_CLASS = YES_ERROR;
				CLANG_WARN_RANGE_LOOP_ANALYSIS = YES;
				CLANG_WARN_STRICT_PROTOTYPES = YES;
				CLANG_WARN_SUSPICIOUS_MOVE = YES;
				CLANG_WARN_UNGUARDED_AVAILABILITY = YES_AGGRESSIVE;
				CLANG_WARN_UNREACHABLE_CODE = YES;
				CLANG_WARN__DUPLICATE_METHOD_MATCH = YES;
				CODE_SIGN_IDENTITY = "iPhone Developer";
				COPY_PHASE_STRIP = NO;
				DEBUG_INFORMATION_FORMAT = dwarf;
				ENABLE_STRICT_OBJC_MSGSEND = YES;
				ENABLE_TESTABILITY = YES;
				GCC_C_LANGUAGE_STANDARD = gnu11;
				GCC_DYNAMIC_NO_PIC = NO;
				GCC_NO_COMMON_BLOCKS = YES;
				GCC_OPTIMIZATION_LEVEL = 0;
				GCC_PREPROCESSOR_DEFINITIONS = (
					"DEBUG=1",
					"$(inherited)",
				);
				GCC_WARN_64_TO_32_BIT_CONVERSION = YES;
				GCC_WARN_ABOUT_RETURN_TYPE = YES_ERROR;
				GCC_WARN_UNDECLARED_SELECTOR = YES;
				GCC_WARN_UNINITIALIZED_AUTOS = YES_AGGRESSIVE;
				GCC_WARN_UNUSED_FUNCTION = YES;
				GCC_WARN_UNUSED_VARIABLE = YES;
				IPHONEOS_DEPLOYMENT_TARGET = 12.1;
				MTL_ENABLE_DEBUG_INFO = INCLUDE_SOURCE;
				MTL_FAST_MATH = YES;
				ONLY_ACTIVE_ARCH = YES;
				SDKROOT = iphoneos;
				SWIFT_ACTIVE_COMPILATION_CONDITIONS = DEBUG;
				SWIFT_OPTIMIZATION_LEVEL = "-Onone";
			};
			name = Debug;
		};
		6479061C21B257D9003EF1BD /* Release */ = {
			isa = XCBuildConfiguration;
			buildSettings = {
				ALWAYS_SEARCH_USER_PATHS = NO;
				CLANG_ANALYZER_NONNULL = YES;
				CLANG_ANALYZER_NUMBER_OBJECT_CONVERSION = YES_AGGRESSIVE;
				CLANG_CXX_LANGUAGE_STANDARD = "gnu++14";
				CLANG_CXX_LIBRARY = "libc++";
				CLANG_ENABLE_MODULES = YES;
				CLANG_ENABLE_OBJC_ARC = YES;
				CLANG_ENABLE_OBJC_WEAK = YES;
				CLANG_WARN_BLOCK_CAPTURE_AUTORELEASING = YES;
				CLANG_WARN_BOOL_CONVERSION = YES;
				CLANG_WARN_COMMA = YES;
				CLANG_WARN_CONSTANT_CONVERSION = YES;
				CLANG_WARN_DEPRECATED_OBJC_IMPLEMENTATIONS = YES;
				CLANG_WARN_DIRECT_OBJC_ISA_USAGE = YES_ERROR;
				CLANG_WARN_DOCUMENTATION_COMMENTS = YES;
				CLANG_WARN_EMPTY_BODY = YES;
				CLANG_WARN_ENUM_CONVERSION = YES;
				CLANG_WARN_INFINITE_RECURSION = YES;
				CLANG_WARN_INT_CONVERSION = YES;
				CLANG_WARN_NON_LITERAL_NULL_CONVERSION = YES;
				CLANG_WARN_OBJC_IMPLICIT_RETAIN_SELF = YES;
				CLANG_WARN_OBJC_LITERAL_CONVERSION = YES;
				CLANG_WARN_OBJC_ROOT_CLASS = YES_ERROR;
				CLANG_WARN_RANGE_LOOP_ANALYSIS = YES;
				CLANG_WARN_STRICT_PROTOTYPES = YES;
				CLANG_WARN_SUSPICIOUS_MOVE = YES;
				CLANG_WARN_UNGUARDED_AVAILABILITY = YES_AGGRESSIVE;
				CLANG_WARN_UNREACHABLE_CODE = YES;
				CLANG_WARN__DUPLICATE_METHOD_MATCH = YES;
				CODE_SIGN_IDENTITY = "iPhone Developer";
				COPY_PHASE_STRIP = NO;
				DEBUG_INFORMATION_FORMAT = "dwarf-with-dsym";
				ENABLE_NS_ASSERTIONS = NO;
				ENABLE_STRICT_OBJC_MSGSEND = YES;
				GCC_C_LANGUAGE_STANDARD = gnu11;
				GCC_NO_COMMON_BLOCKS = YES;
				GCC_WARN_64_TO_32_BIT_CONVERSION = YES;
				GCC_WARN_ABOUT_RETURN_TYPE = YES_ERROR;
				GCC_WARN_UNDECLARED_SELECTOR = YES;
				GCC_WARN_UNINITIALIZED_AUTOS = YES_AGGRESSIVE;
				GCC_WARN_UNUSED_FUNCTION = YES;
				GCC_WARN_UNUSED_VARIABLE = YES;
				IPHONEOS_DEPLOYMENT_TARGET = 12.1;
				MTL_ENABLE_DEBUG_INFO = NO;
				MTL_FAST_MATH = YES;
				SDKROOT = iphoneos;
				SWIFT_COMPILATION_MODE = wholemodule;
				SWIFT_OPTIMIZATION_LEVEL = "-O";
				VALIDATE_PRODUCT = YES;
			};
			name = Release;
		};
		6479061E21B257D9003EF1BD /* Debug */ = {
			isa = XCBuildConfiguration;
			baseConfigurationReference = D5AFD1D7FC4DBA6F3FA9AA3A /* Pods-getLocation.debug.xcconfig */;
			buildSettings = {
				ASSETCATALOG_COMPILER_APPICON_NAME = AppIcon;
				CODE_SIGN_STYLE = Automatic;
				INFOPLIST_FILE = getLocation/Info.plist;
				LD_RUNPATH_SEARCH_PATHS = (
					"$(inherited)",
					"@executable_path/Frameworks",
				);
				PRODUCT_BUNDLE_IDENTIFIER = aride.getLocation;
				PRODUCT_NAME = "$(TARGET_NAME)";
				SWIFT_VERSION = 4.2;
				TARGETED_DEVICE_FAMILY = "1,2";
			};
			name = Debug;
		};
		6479061F21B257D9003EF1BD /* Release */ = {
			isa = XCBuildConfiguration;
			baseConfigurationReference = 1437D71035FB671304F05B25 /* Pods-getLocation.release.xcconfig */;
			buildSettings = {
				ASSETCATALOG_COMPILER_APPICON_NAME = AppIcon;
				CODE_SIGN_STYLE = Automatic;
				INFOPLIST_FILE = getLocation/Info.plist;
				LD_RUNPATH_SEARCH_PATHS = (
					"$(inherited)",
					"@executable_path/Frameworks",
				);
				PRODUCT_BUNDLE_IDENTIFIER = aride.getLocation;
				PRODUCT_NAME = "$(TARGET_NAME)";
				SWIFT_VERSION = 4.2;
				TARGETED_DEVICE_FAMILY = "1,2";
			};
			name = Release;
		};
		6479062121B257D9003EF1BD /* Debug */ = {
			isa = XCBuildConfiguration;
			buildSettings = {
				ALWAYS_EMBED_SWIFT_STANDARD_LIBRARIES = YES;
				BUNDLE_LOADER = "$(TEST_HOST)";
				CODE_SIGN_STYLE = Automatic;
				INFOPLIST_FILE = getLocationTests/Info.plist;
				LD_RUNPATH_SEARCH_PATHS = (
					"$(inherited)",
					"@executable_path/Frameworks",
					"@loader_path/Frameworks",
				);
				PRODUCT_BUNDLE_IDENTIFIER = aride.getLocationTests;
				PRODUCT_NAME = "$(TARGET_NAME)";
				SWIFT_VERSION = 4.2;
				TARGETED_DEVICE_FAMILY = "1,2";
				TEST_HOST = "$(BUILT_PRODUCTS_DIR)/getLocation.app/getLocation";
			};
			name = Debug;
		};
		6479062221B257D9003EF1BD /* Release */ = {
			isa = XCBuildConfiguration;
			buildSettings = {
				ALWAYS_EMBED_SWIFT_STANDARD_LIBRARIES = YES;
				BUNDLE_LOADER = "$(TEST_HOST)";
				CODE_SIGN_STYLE = Automatic;
				INFOPLIST_FILE = getLocationTests/Info.plist;
				LD_RUNPATH_SEARCH_PATHS = (
					"$(inherited)",
					"@executable_path/Frameworks",
					"@loader_path/Frameworks",
				);
				PRODUCT_BUNDLE_IDENTIFIER = aride.getLocationTests;
				PRODUCT_NAME = "$(TARGET_NAME)";
				SWIFT_VERSION = 4.2;
				TARGETED_DEVICE_FAMILY = "1,2";
				TEST_HOST = "$(BUILT_PRODUCTS_DIR)/getLocation.app/getLocation";
			};
			name = Release;
		};
		6479062421B257D9003EF1BD /* Debug */ = {
			isa = XCBuildConfiguration;
			buildSettings = {
				ALWAYS_EMBED_SWIFT_STANDARD_LIBRARIES = YES;
				CODE_SIGN_STYLE = Automatic;
				INFOPLIST_FILE = getLocationUITests/Info.plist;
				LD_RUNPATH_SEARCH_PATHS = (
					"$(inherited)",
					"@executable_path/Frameworks",
					"@loader_path/Frameworks",
				);
				PRODUCT_BUNDLE_IDENTIFIER = aride.getLocationUITests;
				PRODUCT_NAME = "$(TARGET_NAME)";
				SWIFT_VERSION = 4.2;
				TARGETED_DEVICE_FAMILY = "1,2";
				TEST_TARGET_NAME = getLocation;
			};
			name = Debug;
		};
		6479062521B257D9003EF1BD /* Release */ = {
			isa = XCBuildConfiguration;
			buildSettings = {
				ALWAYS_EMBED_SWIFT_STANDARD_LIBRARIES = YES;
				CODE_SIGN_STYLE = Automatic;
				INFOPLIST_FILE = getLocationUITests/Info.plist;
				LD_RUNPATH_SEARCH_PATHS = (
					"$(inherited)",
					"@executable_path/Frameworks",
					"@loader_path/Frameworks",
				);
				PRODUCT_BUNDLE_IDENTIFIER = aride.getLocationUITests;
				PRODUCT_NAME = "$(TARGET_NAME)";
				SWIFT_VERSION = 4.2;
				TARGETED_DEVICE_FAMILY = "1,2";
				TEST_TARGET_NAME = getLocation;
			};
			name = Release;
		};
/* End XCBuildConfiguration section */

/* Begin XCConfigurationList section */
		647905F021B257D7003EF1BD /* Build configuration list for PBXProject "getLocation" */ = {
			isa = XCConfigurationList;
			buildConfigurations = (
				6479061B21B257D9003EF1BD /* Debug */,
				6479061C21B257D9003EF1BD /* Release */,
			);
			defaultConfigurationIsVisible = 0;
			defaultConfigurationName = Release;
		};
		6479061D21B257D9003EF1BD /* Build configuration list for PBXNativeTarget "getLocation" */ = {
			isa = XCConfigurationList;
			buildConfigurations = (
				6479061E21B257D9003EF1BD /* Debug */,
				6479061F21B257D9003EF1BD /* Release */,
			);
			defaultConfigurationIsVisible = 0;
			defaultConfigurationName = Release;
		};
		6479062021B257D9003EF1BD /* Build configuration list for PBXNativeTarget "getLocationTests" */ = {
			isa = XCConfigurationList;
			buildConfigurations = (
				6479062121B257D9003EF1BD /* Debug */,
				6479062221B257D9003EF1BD /* Release */,
			);
			defaultConfigurationIsVisible = 0;
			defaultConfigurationName = Release;
		};
		6479062321B257D9003EF1BD /* Build configuration list for PBXNativeTarget "getLocationUITests" */ = {
			isa = XCConfigurationList;
			buildConfigurations = (
				6479062421B257D9003EF1BD /* Debug */,
				6479062521B257D9003EF1BD /* Release */,
			);
			defaultConfigurationIsVisible = 0;
			defaultConfigurationName = Release;
		};
/* End XCConfigurationList section */
	};
	rootObject = 647905ED21B257D7003EF1BD /* Project object */;
}
